
Microsoft Visual Studio Solution File, Format Version 12.00
# Visual Studio Version 17
VisualStudioVersion = 17.9.34622.214
MinimumVisualStudioVersion = 10.0.40219.1
Project("{FAE04EC0-301F-11D3-BF4B-00C04F79EFBC}") = "ControllersExample", "ControllersExample\ControllersExample.csproj", "{920F0E54-F8FC-40B4-9DB2-BC40FBE7DE6D}"
EndProject
Global
	GlobalSection(SolutionConfigurationPlatforms) = preSolution
		Debug|Any CPU = Debug|Any CPU
		Release|Any CPU = Release|Any CPU
	EndGlobalSection
	GlobalSection(ProjectConfigurationPlatforms) = postSolution
		{920F0E54-F8FC-40B4-9DB2-BC40FBE7DE6D}.Debug|Any CPU.ActiveCfg = Debug|Any CPU
		{920F0E54-F8FC-40B4-9DB2-BC40FBE7DE6D}.Debug|Any CPU.Build.0 = Debug|Any CPU
		{920F0E54-F8FC-40B4-9DB2-BC40FBE7DE6D}.Release|Any CPU.ActiveCfg = Release|Any CPU
		{920F0E54-F8FC-40B4-9DB2-BC40FBE7DE6D}.Release|Any CPU.Build.0 = Release|Any CPU
	EndGlobalSection
	GlobalSection(SolutionProperties) = preSolution
		HideSolutionNode = FALSE
	EndGlobalSection
	GlobalSection(ExtensibilityGlobals) = postSolution
		SolutionGuid = {D7E9C885-61EF-41E8-A476-5D2784BDB213}
	EndGlobalSection
EndGlobal
